
Microsoft Visual Studio Solution File, Format Version 12.00
# Visual Studio Version 17
VisualStudioVersion = 17.9.34728.123
MinimumVisualStudioVersion = 10.0.40219.1
Project("{9A19103F-16F7-4668-BE54-9A1E7A4F7556}") = "TidyNetstandard", "TidyNetstandard.csproj", "{BB81593F-52BC-4EA0-AB07-F5722F913BE4}"
EndProject
Project("{E24C65DC-7377-472B-9ABA-BC803B73C61A}") = "TidyNetStandard", "..\", "{B91867F1-C5E2-48CB-8DFF-D3467E47E386}"
	ProjectSection(WebsiteProperties) = preProject
		TargetFrameworkMoniker = ".NETFramework,Version%3Dv4.0"
		Debug.AspNetCompiler.VirtualPath = "/localhost_58772"
		Debug.AspNetCompiler.PhysicalPath = "..\..\TidyNetStandard\"
		Debug.AspNetCompiler.TargetPath = "PrecompiledWeb\localhost_58772\"
		Debug.AspNetCompiler.Updateable = "true"
		Debug.AspNetCompiler.ForceOverwrite = "true"
		Debug.AspNetCompiler.FixedNames = "false"
		Debug.AspNetCompiler.Debug = "True"
		Release.AspNetCompiler.VirtualPath = "/localhost_58772"
		Release.AspNetCompiler.PhysicalPath = "..\..\TidyNetStandard\"
		Release.AspNetCompiler.TargetPath = "PrecompiledWeb\localhost_58772\"
		Release.AspNetCompiler.Updateable = "true"
		Release.AspNetCompiler.ForceOverwrite = "true"
		Release.AspNetCompiler.FixedNames = "false"
		Release.AspNetCompiler.Debug = "False"
		VWDPort = "58772"
		SlnRelativePath = "..\..\TidyNetStandard\"
	EndProjectSection
EndProject
Project("{FAE04EC0-301F-11D3-BF4B-00C04F79EFBC}") = "UnitTests", "..\UnitTests\UnitTests.csproj", "{E1D4747C-7DA9-4C1A-9013-4949318C5E04}"
EndProject
Global
	GlobalSection(SolutionConfigurationPlatforms) = preSolution
		Debug|Any CPU = Debug|Any CPU
		Release|Any CPU = Release|Any CPU
	EndGlobalSection
	GlobalSection(ProjectConfigurationPlatforms) = postSolution
		{BB81593F-52BC-4EA0-AB07-F5722F913BE4}.Debug|Any CPU.ActiveCfg = Debug|Any CPU
		{BB81593F-52BC-4EA0-AB07-F5722F913BE4}.Debug|Any CPU.Build.0 = Debug|Any CPU
		{BB81593F-52BC-4EA0-AB07-F5722F913BE4}.Release|Any CPU.ActiveCfg = Release|Any CPU
		{BB81593F-52BC-4EA0-AB07-F5722F913BE4}.Release|Any CPU.Build.0 = Release|Any CPU
		{B91867F1-C5E2-48CB-8DFF-D3467E47E386}.Debug|Any CPU.ActiveCfg = Debug|Any CPU
		{B91867F1-C5E2-48CB-8DFF-D3467E47E386}.Debug|Any CPU.Build.0 = Debug|Any CPU
		{B91867F1-C5E2-48CB-8DFF-D3467E47E386}.Release|Any CPU.ActiveCfg = Debug|Any CPU
		{B91867F1-C5E2-48CB-8DFF-D3467E47E386}.Release|Any CPU.Build.0 = Debug|Any CPU
		{E1D4747C-7DA9-4C1A-9013-4949318C5E04}.Debug|Any CPU.ActiveCfg = Debug|Any CPU
		{E1D4747C-7DA9-4C1A-9013-4949318C5E04}.Debug|Any CPU.Build.0 = Debug|Any CPU
		{E1D4747C-7DA9-4C1A-9013-4949318C5E04}.Release|Any CPU.ActiveCfg = Release|Any CPU
		{E1D4747C-7DA9-4C1A-9013-4949318C5E04}.Release|Any CPU.Build.0 = Release|Any CPU
	EndGlobalSection
	GlobalSection(SolutionProperties) = preSolution
		HideSolutionNode = FALSE
	EndGlobalSection
	GlobalSection(ExtensibilityGlobals) = postSolution
		SolutionGuid = {4236CCEB-FE1E-47DD-85FC-AB72195518DB}
	EndGlobalSection
EndGlobal
