
Microsoft Visual Studio Solution File, Format Version 12.00
# Visual Studio Version 16
VisualStudioVersion = 16.0.29613.14
MinimumVisualStudioVersion = 10.0.40219.1
Project("{9A19103F-16F7-4668-BE54-9A1E7A4F7556}") = "TidyNetstandard", "TidyNetstandard.csproj", "{BB81593F-52BC-4EA0-AB07-F5722F913BE4}"
EndProject
Global
	GlobalSection(SolutionConfigurationPlatforms) = preSolution
		Debug|Any CPU = Debug|Any CPU
		Release|Any CPU = Release|Any CPU
	EndGlobalSection
	GlobalSection(ProjectConfigurationPlatforms) = postSolution
		{BB81593F-52BC-4EA0-AB07-F5722F913BE4}.Debug|Any CPU.ActiveCfg = Debug|Any CPU
		{BB81593F-52BC-4EA0-AB07-F5722F913BE4}.Debug|Any CPU.Build.0 = Debug|Any CPU
		{BB81593F-52BC-4EA0-AB07-F5722F913BE4}.Release|Any CPU.ActiveCfg = Release|Any CPU
		{BB81593F-52BC-4EA0-AB07-F5722F913BE4}.Release|Any CPU.Build.0 = Release|Any CPU
	EndGlobalSection
	GlobalSection(SolutionProperties) = preSolution
		HideSolutionNode = FALSE
	EndGlobalSection
	GlobalSection(ExtensibilityGlobals) = postSolution
		SolutionGuid = {4236CCEB-FE1E-47DD-85FC-AB72195518DB}
	EndGlobalSection
EndGlobal
